
Microsoft Visual Studio Solution File, Format Version 12.00
# Visual Studio Version 17
VisualStudioVersion = 17.0.31912.275
MinimumVisualStudioVersion = 10.0.40219.1
Project("{FAE04EC0-301F-11D3-BF4B-00C04F79EFBC}") = "HomeWork3", "HomeWork3\HomeWork3.csproj", "{3EDD301C-5F0A-44A1-B43F-0FBA1657CD96}"
EndProject
Global
	GlobalSection(SolutionConfigurationPlatforms) = preSolution
		Debug|Any CPU = Debug|Any CPU
		Release|Any CPU = Release|Any CPU
	EndGlobalSection
	GlobalSection(ProjectConfigurationPlatforms) = postSolution
		{3EDD301C-5F0A-44A1-B43F-0FBA1657CD96}.Debug|Any CPU.ActiveCfg = Debug|Any CPU
		{3EDD301C-5F0A-44A1-B43F-0FBA1657CD96}.Debug|Any CPU.Build.0 = Debug|Any CPU
		{3EDD301C-5F0A-44A1-B43F-0FBA1657CD96}.Release|Any CPU.ActiveCfg = Release|Any CPU
		{3EDD301C-5F0A-44A1-B43F-0FBA1657CD96}.Release|Any CPU.Build.0 = Release|Any CPU
	EndGlobalSection
	GlobalSection(SolutionProperties) = preSolution
		HideSolutionNode = FALSE
	EndGlobalSection
	GlobalSection(ExtensibilityGlobals) = postSolution
		SolutionGuid = {91E5F627-9429-471F-B7D0-5CD943B094AB}
	EndGlobalSection
EndGlobal
